
Microsoft Visual Studio Solution File, Format Version 12.00
# Visual Studio 14
VisualStudioVersion = 14.0.25420.1
MinimumVisualStudioVersion = 10.0.40219.1
Project("{8BC9CEB8-8B4A-11D0-8D11-00A0C91BC942}") = "auth", "auth\auth.vcxproj", "{0E868BEA-9969-42CD-AA21-DD88B9A6FF92}"
EndProject
Project("{8BC9CEB8-8B4A-11D0-8D11-00A0C91BC942}") = "share", "share\share.vcxproj", "{5BC9F848-5985-46C1-B7FF-0AA3891033D5}"
EndProject
Global
	GlobalSection(SolutionConfigurationPlatforms) = preSolution
		Debug|x64 = Debug|x64
		Debug|x86 = Debug|x86
		Release|x64 = Release|x64
		Release|x86 = Release|x86
	EndGlobalSection
	GlobalSection(ProjectConfigurationPlatforms) = postSolution
		{0E868BEA-9969-42CD-AA21-DD88B9A6FF92}.Debug|x64.ActiveCfg = Debug|x64
		{0E868BEA-9969-42CD-AA21-DD88B9A6FF92}.Debug|x64.Build.0 = Debug|x64
		{0E868BEA-9969-42CD-AA21-DD88B9A6FF92}.Debug|x86.ActiveCfg = Debug|Win32
		{0E868BEA-9969-42CD-AA21-DD88B9A6FF92}.Debug|x86.Build.0 = Debug|Win32
		{0E868BEA-9969-42CD-AA21-DD88B9A6FF92}.Release|x64.ActiveCfg = Release|x64
		{0E868BEA-9969-42CD-AA21-DD88B9A6FF92}.Release|x64.Build.0 = Release|x64
		{0E868BEA-9969-42CD-AA21-DD88B9A6FF92}.Release|x86.ActiveCfg = Release|Win32
		{0E868BEA-9969-42CD-AA21-DD88B9A6FF92}.Release|x86.Build.0 = Release|Win32
		{5BC9F848-5985-46C1-B7FF-0AA3891033D5}.Debug|x64.ActiveCfg = Debug|x64
		{5BC9F848-5985-46C1-B7FF-0AA3891033D5}.Debug|x64.Build.0 = Debug|x64
		{5BC9F848-5985-46C1-B7FF-0AA3891033D5}.Debug|x86.ActiveCfg = Debug|Win32
		{5BC9F848-5985-46C1-B7FF-0AA3891033D5}.Debug|x86.Build.0 = Debug|Win32
		{5BC9F848-5985-46C1-B7FF-0AA3891033D5}.Release|x64.ActiveCfg = Release|x64
		{5BC9F848-5985-46C1-B7FF-0AA3891033D5}.Release|x64.Build.0 = Release|x64
		{5BC9F848-5985-46C1-B7FF-0AA3891033D5}.Release|x86.ActiveCfg = Release|Win32
		{5BC9F848-5985-46C1-B7FF-0AA3891033D5}.Release|x86.Build.0 = Release|Win32
	EndGlobalSection
	GlobalSection(SolutionProperties) = preSolution
		HideSolutionNode = FALSE
	EndGlobalSection
EndGlobal
